Microsoft Visual Studio Solution File, Format Version 12.00
# Visual Studio Version 17
VisualStudioVersion = 17.5.2.0
MinimumVisualStudioVersion = 10.0.40219.1
Project("{FAE04EC0-301F-11D3-BF4B-00C04F79EFBC}") = "ServerNetworkAPI", "ServerNetworkAPI.csproj", "{C9A9B62F-C4F6-3607-C725-36D4DE8D90DF}"
EndProject
Global
	GlobalSection(SolutionConfigurationPlatforms) = preSolution
		Debug|Any CPU = Debug|Any CPU
		Release|Any CPU = Release|Any CPU
	EndGlobalSection
	GlobalSection(ProjectConfigurationPlatforms) = postSolution
		{C9A9B62F-C4F6-3607-C725-36D4DE8D90DF}.Debug|Any CPU.ActiveCfg = Debug|Any CPU
		{C9A9B62F-C4F6-3607-C725-36D4DE8D90DF}.Debug|Any CPU.Build.0 = Debug|Any CPU
		{C9A9B62F-C4F6-3607-C725-36D4DE8D90DF}.Release|Any CPU.ActiveCfg = Release|Any CPU
		{C9A9B62F-C4F6-3607-C725-36D4DE8D90DF}.Release|Any CPU.Build.0 = Release|Any CPU
	EndGlobalSection
	GlobalSection(SolutionProperties) = preSolution
		HideSolutionNode = FALSE
	EndGlobalSection
	GlobalSection(ExtensibilityGlobals) = postSolution
		SolutionGuid = {C3F6E4DD-299E-4380-B38F-ED978F754564}
	EndGlobalSection
EndGlobal
